// !$*UTF8*$!
{
	archiveVersion = 1;
	classes = {
	};
	objectVersion = 56;
	objects = {

/* Begin PBXBuildFile section */
		6E4D14BB2D80916C0005697E /* Examen_intefacesApp.swift in Sources */ = {isa = PBXBuildFile; fileRef = 6E4D14BA2D80916C0005697E /* Examen_intefacesApp.swift */; };
		6E4D14BF2D80916F0005697E /* Assets.xcassets in Resources */ = {isa = PBXBuildFile; fileRef = 6E4D14BE2D80916F0005697E /* Assets.xcassets */; };
		6E4D14C22D80916F0005697E /* Preview Assets.xcassets in Resources */ = {isa = PBXBuildFile; fileRef = 6E4D14C12D80916F0005697E /* Preview Assets.xcassets */; };
		6E4D14CC2D80930B0005697E /* MainView.swift in Sources */ = {isa = PBXBuildFile; fileRef = 6E4D14CB2D80930B0005697E /* MainView.swift */; };
		6E4D14CE2D8098870005697E /* ItemViewModel.swift in Sources */ = {isa = PBXBuildFile; fileRef = 6E4D14CD2D8098870005697E /* ItemViewModel.swift */; };
		6E4D14D02D80994C0005697E /* Item.swift in Sources */ = {isa = PBXBuildFile; fileRef = 6E4D14CF2D80994C0005697E /* Item.swift */; };
		6E4D14D42D80B01B0005697E /* DetailView.swift in Sources */ = {isa = PBXBuildFile; fileRef = 6E4D14D32D80B01B0005697E /* DetailView.swift */; };
		6E4D14D62D80B0430005697E /* CardView.swift in Sources */ = {isa = PBXBuildFile; fileRef = 6E4D14D52D80B0430005697E /* CardView.swift */; };
/* End PBXBuildFile section */

/* Begin PBXFileReference section */
		6E4D14B72D80916C0005697E /* Examen-intefaces.app */ = {isa = PBXFileReference; explicitFileType = wrapper.application; includeInIndex = 0; path = "Examen-intefaces.app"; sourceTree = BUILT_PRODUCTS_DIR; };
		6E4D14BA2D80916C0005697E /* Examen_intefacesApp.swift */ = {isa = PBXFileReference; lastKnownFileType = sourcecode.swift; path = Examen_intefacesApp.swift; sourceTree = "<group>"; };
		6E4D14BE2D80916F0005697E /* Assets.xcassets */ = {isa = PBXFileReference; lastKnownFileType = folder.assetcatalog; path = Assets.xcassets; sourceTree = "<group>"; };
		6E4D14C12D80916F0005697E /* Preview Assets.xcassets */ = {isa = PBXFileReference; lastKnownFileType = folder.assetcatalog; path = "Preview Assets.xcassets"; sourceTree = "<group>"; };
		6E4D14CB2D80930B0005697E /* MainView.swift */ = {isa = PBXFileReference; lastKnownFileType = sourcecode.swift; path = MainView.swift; sourceTree = "<group>"; };
		6E4D14CD2D8098870005697E /* ItemViewModel.swift */ = {isa = PBXFileReference; lastKnownFileType = sourcecode.swift; path = ItemViewModel.swift; sourceTree = "<group>"; };
		6E4D14CF2D80994C0005697E /* Item.swift */ = {isa = PBXFileReference; lastKnownFileType = sourcecode.swift; path = Item.swift; sourceTree = "<group>"; };
		6E4D14D32D80B01B0005697E /* DetailView.swift */ = {isa = PBXFileReference; lastKnownFileType = sourcecode.swift; path = DetailView.swift; sourceTree = "<group>"; };
		6E4D14D52D80B0430005697E /* CardView.swift */ = {isa = PBXFileReference; lastKnownFileType = sourcecode.swift; path = CardView.swift; sourceTree = "<group>"; };
/* End PBXFileReference section */

/* Begin PBXFrameworksBuildPhase section */
		6E4D14B42D80916C0005697E /* Frameworks */ = {
			isa = PBXFrameworksBuildPhase;
			buildActionMask = 2147483647;
			files = (
			);
			runOnlyForDeploymentPostprocessing = 0;
		};
/* End PBXFrameworksBuildPhase section */

/* Begin PBXGroup section */
		6E4D14AE2D80916C0005697E = {
			isa = PBXGroup;
			children = (
				6E4D14B92D80916C0005697E /* Examen-intefaces */,
				6E4D14B82D80916C0005697E /* Products */,
			);
			sourceTree = "<group>";
		};
		6E4D14B82D80916C0005697E /* Products */ = {
			isa = PBXGroup;
			children = (
				6E4D14B72D80916C0005697E /* Examen-intefaces.app */,
			);
			name = Products;
			sourceTree = "<group>";
		};
		6E4D14B92D80916C0005697E /* Examen-intefaces */ = {
			isa = PBXGroup;
			children = (
				6E4D14CA2D8092EB0005697E /* ViewModel */,
				6E4D14C92D8092C20005697E /* View */,
				6E4D14C82D8092B70005697E /* Model */,
				6E4D14BA2D80916C0005697E /* Examen_intefacesApp.swift */,
				6E4D14BE2D80916F0005697E /* Assets.xcassets */,
				6E4D14C02D80916F0005697E /* Preview Content */,
			);
			path = "Examen-intefaces";
			sourceTree = "<group>";
		};
		6E4D14C02D80916F0005697E /* Preview Content */ = {
			isa = PBXGroup;
			children = (
				6E4D14C12D80916F0005697E /* Preview Assets.xcassets */,
			);
			path = "Preview Content";
			sourceTree = "<group>";
		};
		6E4D14C82D8092B70005697E /* Model */ = {
			isa = PBXGroup;
			children = (
				6E4D14CF2D80994C0005697E /* Item.swift */,
			);
			path = Model;
			sourceTree = "<group>";
		};
		6E4D14C92D8092C20005697E /* View */ = {
			isa = PBXGroup;
			children = (
				6E4D14CB2D80930B0005697E /* MainView.swift */,
				6E4D14D32D80B01B0005697E /* DetailView.swift */,
				6E4D14D52D80B0430005697E /* CardView.swift */,
			);
			path = View;
			sourceTree = "<group>";
		};
		6E4D14CA2D8092EB0005697E /* ViewModel */ = {
			isa = PBXGroup;
			children = (
				6E4D14CD2D8098870005697E /* ItemViewModel.swift */,
			);
			path = ViewModel;
			sourceTree = "<group>";
		};
/* End PBXGroup section */

/* Begin PBXNativeTarget section */
		6E4D14B62D80916C0005697E /* Examen-intefaces */ = {
			isa = PBXNativeTarget;
			buildConfigurationList = 6E4D14C52D80916F0005697E /* Build configuration list for PBXNativeTarget "Examen-intefaces" */;
			buildPhases = (
				6E4D14B32D80916C0005697E /* Sources */,
				6E4D14B42D80916C0005697E /* Frameworks */,
				6E4D14B52D80916C0005697E /* Resources */,
			);
			buildRules = (
			);
			dependencies = (
			);
			name = "Examen-intefaces";
			productName = "Examen-intefaces";
			productReference = 6E4D14B72D80916C0005697E /* Examen-intefaces.app */;
			productType = "com.apple.product-type.application";
		};
/* End PBXNativeTarget section */

/* Begin PBXProject section */
		6E4D14AF2D80916C0005697E /* Project object */ = {
			isa = PBXProject;
			attributes = {
				BuildIndependentTargetsInParallel = 1;
				LastSwiftUpdateCheck = 1420;
				LastUpgradeCheck = 1420;
				TargetAttributes = {
					6E4D14B62D80916C0005697E = {
						CreatedOnToolsVersion = 14.2;
					};
				};
			};
			buildConfigurationList = 6E4D14B22D80916C0005697E /* Build configuration list for PBXProject "Examen-intefaces" */;
			compatibilityVersion = "Xcode 14.0";
			developmentRegion = en;
			hasScannedForEncodings = 0;
			knownRegions = (
				en,
				Base,
			);
			mainGroup = 6E4D14AE2D80916C0005697E;
			productRefGroup = 6E4D14B82D80916C0005697E /* Products */;
			projectDirPath = "";
			projectRoot = "";
			targets = (
				6E4D14B62D80916C0005697E /* Examen-intefaces */,
			);
		};
/* End PBXProject section */

/* Begin PBXResourcesBuildPhase section */
		6E4D14B52D80916C0005697E /* Resources */ = {
			isa = PBXResourcesBuildPhase;
			buildActionMask = 2147483647;
			files = (
				6E4D14C22D80916F0005697E /* Preview Assets.xcassets in Resources */,
				6E4D14BF2D80916F0005697E /* Assets.xcassets in Resources */,
			);
			runOnlyForDeploymentPostprocessing = 0;
		};
/* End PBXResourcesBuildPhase section */

/* Begin PBXSourcesBuildPhase section */
		6E4D14B32D80916C0005697E /* Sources */ = {
			isa = PBXSourcesBuildPhase;
			buildActionMask = 2147483647;
			files = (
				6E4D14CE2D8098870005697E /* ItemViewModel.swift in Sources */,
				6E4D14BB2D80916C0005697E /* Examen_intefacesApp.swift in Sources */,
				6E4D14D02D80994C0005697E /* Item.swift in Sources */,
				6E4D14D42D80B01B0005697E /* DetailView.swift in Sources */,
				6E4D14D62D80B0430005697E /* CardView.swift in Sources */,
				6E4D14CC2D80930B0005697E /* MainView.swift in Sources */,
			);
			runOnlyForDeploymentPostprocessing = 0;
		};
/* End PBXSourcesBuildPhase section */

/* Begin XCBuildConfiguration section */
		6E4D14C32D80916F0005697E /* Debug */ = {
			isa = XCBuildConfiguration;
			buildSettings = {
				ALWAYS_SEARCH_USER_PATHS = NO;
				CLANG_ANALYZER_NONNULL = YES;
				CLANG_ANALYZER_NUMBER_OBJECT_CONVERSION = YES_AGGRESSIVE;
				CLANG_CXX_LANGUAGE_STANDARD = "gnu++20";
				CLANG_ENABLE_MODULES = YES;
				CLANG_ENABLE_OBJC_ARC = YES;
				CLANG_ENABLE_OBJC_WEAK = YES;
				CLANG_WARN_BLOCK_CAPTURE_AUTORELEASING = YES;
				CLANG_WARN_BOOL_CONVERSION = YES;
				CLANG_WARN_COMMA = YES;
				CLANG_WARN_CONSTANT_CONVERSION = YES;
				CLANG_WARN_DEPRECATED_OBJC_IMPLEMENTATIONS = YES;
				CLANG_WARN_DIRECT_OBJC_ISA_USAGE = YES_ERROR;
				CLANG_WARN_DOCUMENTATION_COMMENTS = YES;
				CLANG_WARN_EMPTY_BODY = YES;
				CLANG_WARN_ENUM_CONVERSION = YES;
				CLANG_WARN_INFINITE_RECURSION = YES;
				CLANG_WARN_INT_CONVERSION = YES;
				CLANG_WARN_NON_LITERAL_NULL_CONVERSION = YES;
				CLANG_WARN_OBJC_IMPLICIT_RETAIN_SELF = YES;
				CLANG_WARN_OBJC_LITERAL_CONVERSION = YES;
				CLANG_WARN_OBJC_ROOT_CLASS = YES_ERROR;
				CLANG_WARN_QUOTED_INCLUDE_IN_FRAMEWORK_HEADER = YES;
				CLANG_WARN_RANGE_LOOP_ANALYSIS = YES;
				CLANG_WARN_STRICT_PROTOTYPES = YES;
				CLANG_WARN_SUSPICIOUS_MOVE = YES;
				CLANG_WARN_UNGUARDED_AVAILABILITY = YES_AGGRESSIVE;
				CLANG_WARN_UNREACHABLE_CODE = YES;
				CLANG_WARN__DUPLICATE_METHOD_MATCH = YES;
				COPY_PHASE_STRIP = NO;
				DEBUG_INFORMATION_FORMAT = dwarf;
				ENABLE_STRICT_OBJC_MSGSEND = YES;
				ENABLE_TESTABILITY = YES;
				GCC_C_LANGUAGE_STANDARD = gnu11;
				GCC_DYNAMIC_NO_PIC = NO;
				GCC_NO_COMMON_BLOCKS = YES;
				GCC_OPTIMIZATION_LEVEL = 0;
				GCC_PREPROCESSOR_DEFINITIONS = (
					"DEBUG=1",
					"$(inherited)",
				);
				GCC_WARN_64_TO_32_BIT_CONVERSION = YES;
				GCC_WARN_ABOUT_RETURN_TYPE = YES_ERROR;
				GCC_WARN_UNDECLARED_SELECTOR = YES;
				GCC_WARN_UNINITIALIZED_AUTOS = YES_AGGRESSIVE;
				GCC_WARN_UNUSED_FUNCTION = YES;
				GCC_WARN_UNUSED_VARIABLE = YES;
				IPHONEOS_DEPLOYMENT_TARGET = 16.2;
				MTL_ENABLE_DEBUG_INFO = INCLUDE_SOURCE;
				MTL_FAST_MATH = YES;
				ONLY_ACTIVE_ARCH = YES;
				SDKROOT = iphoneos;
				SWIFT_ACTIVE_COMPILATION_CONDITIONS = DEBUG;
				SWIFT_OPTIMIZATION_LEVEL = "-Onone";
			};
			name = Debug;
		};
		6E4D14C42D80916F0005697E /* Release */ = {
			isa = XCBuildConfiguration;
			buildSettings = {
				ALWAYS_SEARCH_USER_PATHS = NO;
				CLANG_ANALYZER_NONNULL = YES;
				CLANG_ANALYZER_NUMBER_OBJECT_CONVERSION = YES_AGGRESSIVE;
				CLANG_CXX_LANGUAGE_STANDARD = "gnu++20";
				CLANG_ENABLE_MODULES = YES;
				CLANG_ENABLE_OBJC_ARC = YES;
				CLANG_ENABLE_OBJC_WEAK = YES;
				CLANG_WARN_BLOCK_CAPTURE_AUTORELEASING = YES;
				CLANG_WARN_BOOL_CONVERSION = YES;
				CLANG_WARN_COMMA = YES;
				CLANG_WARN_CONSTANT_CONVERSION = YES;
				CLANG_WARN_DEPRECATED_OBJC_IMPLEMENTATIONS = YES;
				CLANG_WARN_DIRECT_OBJC_ISA_USAGE = YES_ERROR;
				CLANG_WARN_DOCUMENTATION_COMMENTS = YES;
				CLANG_WARN_EMPTY_BODY = YES;
				CLANG_WARN_ENUM_CONVERSION = YES;
				CLANG_WARN_INFINITE_RECURSION = YES;
				CLANG_WARN_INT_CONVERSION = YES;
				CLANG_WARN_NON_LITERAL_NULL_CONVERSION = YES;
				CLANG_WARN_OBJC_IMPLICIT_RETAIN_SELF = YES;
				CLANG_WARN_OBJC_LITERAL_CONVERSION = YES;
				CLANG_WARN_OBJC_ROOT_CLASS = YES_ERROR;
				CLANG_WARN_QUOTED_INCLUDE_IN_FRAMEWORK_HEADER = YES;
				CLANG_WARN_RANGE_LOOP_ANALYSIS = YES;
				CLANG_WARN_STRICT_PROTOTYPES = YES;
				CLANG_WARN_SUSPICIOUS_MOVE = YES;
				CLANG_WARN_UNGUARDED_AVAILABILITY = YES_AGGRESSIVE;
				CLANG_WARN_UNREACHABLE_CODE = YES;
				CLANG_WARN__DUPLICATE_METHOD_MATCH = YES;
				COPY_PHASE_STRIP = NO;
				DEBUG_INFORMATION_FORMAT = "dwarf-with-dsym";
				ENABLE_NS_ASSERTIONS = NO;
				ENABLE_STRICT_OBJC_MSGSEND = YES;
				GCC_C_LANGUAGE_STANDARD = gnu11;
				GCC_NO_COMMON_BLOCKS = YES;
				GCC_WARN_64_TO_32_BIT_CONVERSION = YES;
				GCC_WARN_ABOUT_RETURN_TYPE = YES_ERROR;
				GCC_WARN_UNDECLARED_SELECTOR = YES;
				GCC_WARN_UNINITIALIZED_AUTOS = YES_AGGRESSIVE;
				GCC_WARN_UNUSED_FUNCTION = YES;
				GCC_WARN_UNUSED_VARIABLE = YES;
				IPHONEOS_DEPLOYMENT_TARGET = 16.2;
				MTL_ENABLE_DEBUG_INFO = NO;
				MTL_FAST_MATH = YES;
				SDKROOT = iphoneos;
				SWIFT_COMPILATION_MODE = wholemodule;
				SWIFT_OPTIMIZATION_LEVEL = "-O";
				VALIDATE_PRODUCT = YES;
			};
			name = Release;
		};
		6E4D14C62D80916F0005697E /* Debug */ = {
			isa = XCBuildConfiguration;
			buildSettings = {
				ASSETCATALOG_COMPILER_APPICON_NAME = AppIcon;
				ASSETCATALOG_COMPILER_GLOBAL_ACCENT_COLOR_NAME = AccentColor;
				CODE_SIGN_STYLE = Automatic;
				CURRENT_PROJECT_VERSION = 1;
				DEVELOPMENT_ASSET_PATHS = "\"Examen-intefaces/Preview Content\"";
				ENABLE_PREVIEWS = YES;
				GENERATE_INFOPLIST_FILE = YES;
				INFOPLIST_KEY_UIApplicationSceneManifest_Generation = YES;
				INFOPLIST_KEY_UIApplicationSupportsIndirectInputEvents = YES;
				INFOPLIST_KEY_UILaunchScreen_Generation = YES;
				INFOPLIST_KEY_UISupportedInterfaceOrientations_iPad = "UIInterfaceOrientationPortrait UIInterfaceOrientationPortraitUpsideDown UIInterfaceOrientationLandscapeLeft UIInterfaceOrientationLandscapeRight";
				INFOPLIST_KEY_UISupportedInterfaceOrientations_iPhone = "UIInterfaceOrientationPortrait UIInterfaceOrientationLandscapeLeft UIInterfaceOrientationLandscapeRight";
				LD_RUNPATH_SEARCH_PATHS = (
					"$(inherited)",
					"@executable_path/Frameworks",
				);
				MARKETING_VERSION = 1.0;
				PRODUCT_BUNDLE_IDENTIFIER = "com.pablo.Examen-intefaces";
				PRODUCT_NAME = "$(TARGET_NAME)";
				SWIFT_EMIT_LOC_STRINGS = YES;
				SWIFT_VERSION = 5.0;
				TARGETED_DEVICE_FAMILY = "1,2";
			};
			name = Debug;
		};
		6E4D14C72D80916F0005697E /* Release */ = {
			isa = XCBuildConfiguration;
			buildSettings = {
				ASSETCATALOG_COMPILER_APPICON_NAME = AppIcon;
				ASSETCATALOG_COMPILER_GLOBAL_ACCENT_COLOR_NAME = AccentColor;
				CODE_SIGN_STYLE = Automatic;
				CURRENT_PROJECT_VERSION = 1;
				DEVELOPMENT_ASSET_PATHS = "\"Examen-intefaces/Preview Content\"";
				ENABLE_PREVIEWS = YES;
				GENERATE_INFOPLIST_FILE = YES;
				INFOPLIST_KEY_UIApplicationSceneManifest_Generation = YES;
				INFOPLIST_KEY_UIApplicationSupportsIndirectInputEvents = YES;
				INFOPLIST_KEY_UILaunchScreen_Generation = YES;
				INFOPLIST_KEY_UISupportedInterfaceOrientations_iPad = "UIInterfaceOrientationPortrait UIInterfaceOrientationPortraitUpsideDown UIInterfaceOrientationLandscapeLeft UIInterfaceOrientationLandscapeRight";
				INFOPLIST_KEY_UISupportedInterfaceOrientations_iPhone = "UIInterfaceOrientationPortrait UIInterfaceOrientationLandscapeLeft UIInterfaceOrientationLandscapeRight";
				LD_RUNPATH_SEARCH_PATHS = (
					"$(inherited)",
					"@executable_path/Frameworks",
				);
				MARKETING_VERSION = 1.0;
				PRODUCT_BUNDLE_IDENTIFIER = "com.pablo.Examen-intefaces";
				PRODUCT_NAME = "$(TARGET_NAME)";
				SWIFT_EMIT_LOC_STRINGS = YES;
				SWIFT_VERSION = 5.0;
				TARGETED_DEVICE_FAMILY = "1,2";
			};
			name = Release;
		};
/* End XCBuildConfiguration section */

/* Begin XCConfigurationList section */
		6E4D14B22D80916C0005697E /* Build configuration list for PBXProject "Examen-intefaces" */ = {
			isa = XCConfigurationList;
			buildConfigurations = (
				6E4D14C32D80916F0005697E /* Debug */,
				6E4D14C42D80916F0005697E /* Release */,
			);
			defaultConfigurationIsVisible = 0;
			defaultConfigurationName = Release;
		};
		6E4D14C52D80916F0005697E /* Build configuration list for PBXNativeTarget "Examen-intefaces" */ = {
			isa = XCConfigurationList;
			buildConfigurations = (
				6E4D14C62D80916F0005697E /* Debug */,
				6E4D14C72D80916F0005697E /* Release */,
			);
			defaultConfigurationIsVisible = 0;
			defaultConfigurationName = Release;
		};
/* End XCConfigurationList section */
	};
	rootObject = 6E4D14AF2D80916C0005697E /* Project object */;
}
